<?xml version="1.0" encoding="utf-8"?>
<Project ToolsVersion="4.0" xmlns="http://schemas.microsoft.com/developer/msbuild/2003">
  <ItemGroup>
    <Filter Include="소스 파일">
      <UniqueIdentifier>{4FC737F1-C7A5-4376-A066-2A32D752A2FF}</UniqueIdentifier>
      <Extensions>cpp;c;cc;cxx;c++;cppm;ixx;def;odl;idl;hpj;bat;asm;asmx</Extensions>
    </Filter>
    <Filter Include="헤더 파일">
      <UniqueIdentifier>{93995380-89BD-4b04-88EB-625FBE52EBFB}</UniqueIdentifier>
      <Extensions>h;hh;hpp;hxx;h++;hm;inl;inc;ipp;xsd</Extensions>
    </Filter>
    <Filter Include="리소스 파일">
      <UniqueIdentifier>{67DA6AB6-F800-4c08-8B7A-83BB121AAD01}</UniqueIdentifier>
      <Extensions>rc;ico;cur;bmp;dlg;rc2;rct;bin;rgs;gif;jpg;jpeg;jpe;resx;tiff;tif;png;wav;mfcribbon-ms</Extensions>
    </Filter>
    <Filter Include="Utility">
      <UniqueIdentifier>{858b4bc9-02d5-45ab-ad20-8d352feb972b}</UniqueIdentifier>
    </Filter>
    <Filter Include="Common">
      <UniqueIdentifier>{52d82677-9620-416e-97d7-4bdf9d12e803}</UniqueIdentifier>
    </Filter>
    <Filter Include="Creature">
      <UniqueIdentifier>{1b53fae6-52ce-4ad2-957e-a91018f912be}</UniqueIdentifier>
    </Filter>
    <Filter Include="Creature\Character">
      <UniqueIdentifier>{32b75081-1f27-4278-8914-f65461b228db}</UniqueIdentifier>
    </Filter>
    <Filter Include="Creature\Monster">
      <UniqueIdentifier>{cbf01d25-44e1-4291-9dec-c3b02d045b6f}</UniqueIdentifier>
    </Filter>
    <Filter Include="Buff">
      <UniqueIdentifier>{23f9617f-63c1-4c22-bf46-2775d873ea9c}</UniqueIdentifier>
    </Filter>
    <Filter Include="Map">
      <UniqueIdentifier>{fb782f01-93fa-4119-a49c-dd4a6a770712}</UniqueIdentifier>
    </Filter>
    <Filter Include="Map\Terrain">
      <UniqueIdentifier>{7faa2408-da00-44e0-abde-7486cabe03a5}</UniqueIdentifier>
    </Filter>
  </ItemGroup>
  <ItemGroup>
    <ClCompile Include="Test.cpp">
      <Filter>소스 파일</Filter>
    </ClCompile>
    <ClCompile Include="Position.cpp">
      <Filter>Common</Filter>
    </ClCompile>
    <ClCompile Include="NamePicker.cpp">
      <Filter>Utility</Filter>
    </ClCompile>
    <ClCompile Include="Creature_Base.cpp">
      <Filter>Creature</Filter>
    </ClCompile>
    <ClCompile Include="Monster_Orc.cpp">
      <Filter>Creature\Monster</Filter>
    </ClCompile>
    <ClCompile Include="Monster_Wolf.cpp">
      <Filter>Creature\Monster</Filter>
    </ClCompile>
    <ClCompile Include="BuffBase.cpp">
      <Filter>Buff</Filter>
    </ClCompile>
    <ClCompile Include="Buff_Rage.cpp">
      <Filter>Buff</Filter>
    </ClCompile>
    <ClCompile Include="Character.cpp">
      <Filter>Creature\Character</Filter>
    </ClCompile>
    <ClCompile Include="Buff_Bite.cpp">
      <Filter>Buff</Filter>
    </ClCompile>
    <ClCompile Include="Factory.cpp">
      <Filter>Utility</Filter>
    </ClCompile>
    <ClCompile Include="BattleManager.cpp">
      <Filter>Common</Filter>
    </ClCompile>
    <ClCompile Include="Human.cpp">
      <Filter>Creature\Character</Filter>
    </ClCompile>
    <ClCompile Include="Drawf.cpp">
      <Filter>Creature\Character</Filter>
    </ClCompile>
    <ClCompile Include="Elf.cpp">
      <Filter>Creature\Character</Filter>
    </ClCompile>
    <ClCompile Include="Map.cpp">
      <Filter>Map</Filter>
    </ClCompile>
    <ClCompile Include="Desert.cpp">
      <Filter>Map\Terrain</Filter>
    </ClCompile>
    <ClCompile Include="Forest.cpp">
      <Filter>Map\Terrain</Filter>
    </ClCompile>
    <ClCompile Include="Mountain.cpp">
      <Filter>Map\Terrain</Filter>
    </ClCompile>
    <ClCompile Include="Plane.cpp">
      <Filter>Map\Terrain</Filter>
    </ClCompile>
    <ClCompile Include="StartPoint.cpp">
      <Filter>Map\Terrain</Filter>
    </ClCompile>
    <ClCompile Include="TerrainBase.cpp">
      <Filter>Map\Terrain</Filter>
    </ClCompile>
    <ClCompile Include="main.cpp">
      <Filter>소스 파일</Filter>
    </ClCompile>
  </ItemGroup>
  <ItemGroup>
    <ClInclude Include="Test.h">
      <Filter>헤더 파일</Filter>
    </ClInclude>
    <ClInclude Include="NamePicker.h">
      <Filter>Utility</Filter>
    </ClInclude>
    <ClInclude Include="Enums.h">
      <Filter>Common</Filter>
    </ClInclude>
    <ClInclude Include="Status.h">
      <Filter>Common</Filter>
    </ClInclude>
    <ClInclude Include="Position.h">
      <Filter>Common</Filter>
    </ClInclude>
    <ClInclude Include="Utils.h">
      <Filter>Utility</Filter>
    </ClInclude>
    <ClInclude Include="Creature_Base.h">
      <Filter>Creature</Filter>
    </ClInclude>
    <ClInclude Include="Monster.h">
      <Filter>Creature\Monster</Filter>
    </ClInclude>
    <ClInclude Include="Monster_Wolf.h">
      <Filter>Creature\Monster</Filter>
    </ClInclude>
    <ClInclude Include="Monster_Orc.h">
      <Filter>Creature\Monster</Filter>
    </ClInclude>
    <ClInclude Include="BuffBase.h">
      <Filter>Buff</Filter>
    </ClInclude>
    <ClInclude Include="Buff_Rage.h">
      <Filter>Buff</Filter>
    </ClInclude>
    <ClInclude Include="Character.h">
      <Filter>Creature\Character</Filter>
    </ClInclude>
    <ClInclude Include="Buff_Bite.h">
      <Filter>Buff</Filter>
    </ClInclude>
    <ClInclude Include="Factory.h">
      <Filter>Utility</Filter>
    </ClInclude>
    <ClInclude Include="BattleManager.h">
      <Filter>Common</Filter>
    </ClInclude>
    <ClInclude Include="Human.h">
      <Filter>Creature\Character</Filter>
    </ClInclude>
    <ClInclude Include="Drawf.h">
      <Filter>Creature\Character</Filter>
    </ClInclude>
    <ClInclude Include="Elf.h">
      <Filter>Creature\Character</Filter>
    </ClInclude>
    <ClInclude Include="Map.h">
      <Filter>Map</Filter>
    </ClInclude>
    <ClInclude Include="Desert.h">
      <Filter>Map\Terrain</Filter>
    </ClInclude>
    <ClInclude Include="Forest.h">
      <Filter>Map\Terrain</Filter>
    </ClInclude>
    <ClInclude Include="Mountain.h">
      <Filter>Map\Terrain</Filter>
    </ClInclude>
    <ClInclude Include="Plane.h">
      <Filter>Map\Terrain</Filter>
    </ClInclude>
    <ClInclude Include="StartPoint.h">
      <Filter>Map\Terrain</Filter>
    </ClInclude>
    <ClInclude Include="TerrainBase.h">
      <Filter>Map\Terrain</Filter>
    </ClInclude>
  </ItemGroup>
</Project>